
Microsoft Visual Studio Solution File, Format Version 12.00
# Visual Studio Version 17
VisualStudioVersion = 17.12.35707.178
MinimumVisualStudioVersion = 10.0.40219.1
Project("{FAE04EC0-301F-11D3-BF4B-00C04F79EFBC}") = "IdentityProvider", "src\IdentityProvider\IdentityProvider.csproj", "{10866D2B-CBE4-4DDB-A111-4B82F95A0EB9}"
EndProject
Project("{FAE04EC0-301F-11D3-BF4B-00C04F79EFBC}") = "ShopClientUI", "src\ShopClientUI\ShopClientUI.csproj", "{DDF6AFB5-8755-4BF6-8FF0-62B1F4F11511}"
EndProject
Project("{2150E333-8FDC-42A3-9474-1A3956D46DE8}") = "Solution Items", "Solution Items", "{14FF9DB6-D7BB-4957-AA5A-1988779303F9}"
	ProjectSection(SolutionItems) = preProject
		.github\workflows\dotnet.yml = .github\workflows\dotnet.yml
		README.md = README.md
	EndProjectSection
EndProject
Project("{FAE04EC0-301F-11D3-BF4B-00C04F79EFBC}") = "AdminClientUI", "src\AdminClientUI\AdminClientUI.csproj", "{AEB8F267-6BAB-4D44-ADB6-49EFC79F632E}"
EndProject
Global
	GlobalSection(SolutionConfigurationPlatforms) = preSolution
		Debug|Any CPU = Debug|Any CPU
		Release|Any CPU = Release|Any CPU
	EndGlobalSection
	GlobalSection(ProjectConfigurationPlatforms) = postSolution
		{10866D2B-CBE4-4DDB-A111-4B82F95A0EB9}.Debug|Any CPU.ActiveCfg = Debug|Any CPU
		{10866D2B-CBE4-4DDB-A111-4B82F95A0EB9}.Debug|Any CPU.Build.0 = Debug|Any CPU
		{10866D2B-CBE4-4DDB-A111-4B82F95A0EB9}.Release|Any CPU.ActiveCfg = Release|Any CPU
		{10866D2B-CBE4-4DDB-A111-4B82F95A0EB9}.Release|Any CPU.Build.0 = Release|Any CPU
		{DDF6AFB5-8755-4BF6-8FF0-62B1F4F11511}.Debug|Any CPU.ActiveCfg = Debug|Any CPU
		{DDF6AFB5-8755-4BF6-8FF0-62B1F4F11511}.Debug|Any CPU.Build.0 = Debug|Any CPU
		{DDF6AFB5-8755-4BF6-8FF0-62B1F4F11511}.Release|Any CPU.ActiveCfg = Release|Any CPU
		{DDF6AFB5-8755-4BF6-8FF0-62B1F4F11511}.Release|Any CPU.Build.0 = Release|Any CPU
		{AEB8F267-6BAB-4D44-ADB6-49EFC79F632E}.Debug|Any CPU.ActiveCfg = Debug|Any CPU
		{AEB8F267-6BAB-4D44-ADB6-49EFC79F632E}.Debug|Any CPU.Build.0 = Debug|Any CPU
		{AEB8F267-6BAB-4D44-ADB6-49EFC79F632E}.Release|Any CPU.ActiveCfg = Release|Any CPU
		{AEB8F267-6BAB-4D44-ADB6-49EFC79F632E}.Release|Any CPU.Build.0 = Release|Any CPU
	EndGlobalSection
	GlobalSection(SolutionProperties) = preSolution
		HideSolutionNode = FALSE
	EndGlobalSection
EndGlobal
